// !$*UTF8*$!
{
	archiveVersion = 1;
	classes = {
	};
	objectVersion = 50;
	objects = {

/* Begin PBXBuildFile section */
		7D8E877E26E7B7EE00FC1695 /* PHPickerViewControll.swift in Sources */ = {isa = PBXBuildFile; fileRef = 7D8E877D26E7B7EE00FC1695 /* PHPickerViewControll.swift */; };
		7DC5180826E10D4E000CB1FA /* SecoundIOSAppApp.swift in Sources */ = {isa = PBXBuildFile; fileRef = 7DC5180726E10D4E000CB1FA /* SecoundIOSAppApp.swift */; };
		7DC5180A26E10D4E000CB1FA /* ContentView.swift in Sources */ = {isa = PBXBuildFile; fileRef = 7DC5180926E10D4E000CB1FA /* ContentView.swift */; };
		7DC5180C26E10D57000CB1FA /* Assets.xcassets in Resources */ = {isa = PBXBuildFile; fileRef = 7DC5180B26E10D57000CB1FA /* Assets.xcassets */; };
		7DC5180F26E10D57000CB1FA /* Preview Assets.xcassets in Resources */ = {isa = PBXBuildFile; fileRef = 7DC5180E26E10D57000CB1FA /* Preview Assets.xcassets */; };
		7DC5181A26E10D57000CB1FA /* SecoundIOSAppTests.swift in Sources */ = {isa = PBXBuildFile; fileRef = 7DC5181926E10D57000CB1FA /* SecoundIOSAppTests.swift */; };
		7DC5182526E10D57000CB1FA /* SecoundIOSAppUITests.swift in Sources */ = {isa = PBXBuildFile; fileRef = 7DC5182426E10D57000CB1FA /* SecoundIOSAppUITests.swift */; };
		7DC5183626E110B4000CB1FA /* Book.swift in Sources */ = {isa = PBXBuildFile; fileRef = 7DC5183526E110B4000CB1FA /* Book.swift */; };
		7DC5183F26E1123B000CB1FA /* BookViews.swift in Sources */ = {isa = PBXBuildFile; fileRef = 7DC5183E26E1123B000CB1FA /* BookViews.swift */; };
		7DC5184426E122EA000CB1FA /* Library.swift in Sources */ = {isa = PBXBuildFile; fileRef = 7DC5184326E122EA000CB1FA /* Library.swift */; };
		7DC5184F26E1244E000CB1FA /* DetailView.swift in Sources */ = {isa = PBXBuildFile; fileRef = 7DC5184E26E1244E000CB1FA /* DetailView.swift */; };
/* End PBXBuildFile section */

/* Begin PBXContainerItemProxy section */
		7DC5181626E10D57000CB1FA /* PBXContainerItemProxy */ = {
			isa = PBXContainerItemProxy;
			containerPortal = 7DC517FC26E10D4E000CB1FA /* Project object */;
			proxyType = 1;
			remoteGlobalIDString = 7DC5180326E10D4E000CB1FA;
			remoteInfo = SecoundIOSApp;
		};
		7DC5182126E10D57000CB1FA /* PBXContainerItemProxy */ = {
			isa = PBXContainerItemProxy;
			containerPortal = 7DC517FC26E10D4E000CB1FA /* Project object */;
			proxyType = 1;
			remoteGlobalIDString = 7DC5180326E10D4E000CB1FA;
			remoteInfo = SecoundIOSApp;
		};
/* End PBXContainerItemProxy section */

/* Begin PBXFileReference section */
		7D8E877D26E7B7EE00FC1695 /* PHPickerViewControll.swift */ = {isa = PBXFileReference; lastKnownFileType = sourcecode.swift; path = PHPickerViewControll.swift; sourceTree = "<group>"; };
		7DC5180426E10D4E000CB1FA /* SecoundIOSApp.app */ = {isa = PBXFileReference; explicitFileType = wrapper.application; includeInIndex = 0; path = SecoundIOSApp.app; sourceTree = BUILT_PRODUCTS_DIR; };
		7DC5180726E10D4E000CB1FA /* SecoundIOSAppApp.swift */ = {isa = PBXFileReference; lastKnownFileType = sourcecode.swift; path = SecoundIOSAppApp.swift; sourceTree = "<group>"; };
		7DC5180926E10D4E000CB1FA /* ContentView.swift */ = {isa = PBXFileReference; lastKnownFileType = sourcecode.swift; path = ContentView.swift; sourceTree = "<group>"; };
		7DC5180B26E10D57000CB1FA /* Assets.xcassets */ = {isa = PBXFileReference; lastKnownFileType = folder.assetcatalog; path = Assets.xcassets; sourceTree = "<group>"; };
		7DC5180E26E10D57000CB1FA /* Preview Assets.xcassets */ = {isa = PBXFileReference; lastKnownFileType = folder.assetcatalog; path = "Preview Assets.xcassets"; sourceTree = "<group>"; };
		7DC5181026E10D57000CB1FA /* Info.plist */ = {isa = PBXFileReference; lastKnownFileType = text.plist.xml; path = Info.plist; sourceTree = "<group>"; };
		7DC5181526E10D57000CB1FA /* SecoundIOSAppTests.xctest */ = {isa = PBXFileReference; explicitFileType = wrapper.cfbundle; includeInIndex = 0; path = SecoundIOSAppTests.xctest; sourceTree = BUILT_PRODUCTS_DIR; };
		7DC5181926E10D57000CB1FA /* SecoundIOSAppTests.swift */ = {isa = PBXFileReference; lastKnownFileType = sourcecode.swift; path = SecoundIOSAppTests.swift; sourceTree = "<group>"; };
		7DC5181B26E10D57000CB1FA /* Info.plist */ = {isa = PBXFileReference; lastKnownFileType = text.plist.xml; path = Info.plist; sourceTree = "<group>"; };
		7DC5182026E10D57000CB1FA /* SecoundIOSAppUITests.xctest */ = {isa = PBXFileReference; explicitFileType = wrapper.cfbundle; includeInIndex = 0; path = SecoundIOSAppUITests.xctest; sourceTree = BUILT_PRODUCTS_DIR; };
		7DC5182426E10D57000CB1FA /* SecoundIOSAppUITests.swift */ = {isa = PBXFileReference; lastKnownFileType = sourcecode.swift; path = SecoundIOSAppUITests.swift; sourceTree = "<group>"; };
		7DC5182626E10D57000CB1FA /* Info.plist */ = {isa = PBXFileReference; lastKnownFileType = text.plist.xml; path = Info.plist; sourceTree = "<group>"; };
		7DC5183526E110B4000CB1FA /* Book.swift */ = {isa = PBXFileReference; lastKnownFileType = sourcecode.swift; path = Book.swift; sourceTree = "<group>"; };
		7DC5183E26E1123B000CB1FA /* BookViews.swift */ = {isa = PBXFileReference; lastKnownFileType = sourcecode.swift; path = BookViews.swift; sourceTree = "<group>"; };
		7DC5184326E122EA000CB1FA /* Library.swift */ = {isa = PBXFileReference; lastKnownFileType = sourcecode.swift; path = Library.swift; sourceTree = "<group>"; };
		7DC5184E26E1244E000CB1FA /* DetailView.swift */ = {isa = PBXFileReference; lastKnownFileType = sourcecode.swift; path = DetailView.swift; sourceTree = "<group>"; };
/* End PBXFileReference section */

/* Begin PBXFrameworksBuildPhase section */
		7DC5180126E10D4E000CB1FA /* Frameworks */ = {
			isa = PBXFrameworksBuildPhase;
			buildActionMask = 2147483647;
			files = (
			);
			runOnlyForDeploymentPostprocessing = 0;
		};
		7DC5181226E10D57000CB1FA /* Frameworks */ = {
			isa = PBXFrameworksBuildPhase;
			buildActionMask = 2147483647;
			files = (
			);
			runOnlyForDeploymentPostprocessing = 0;
		};
		7DC5181D26E10D57000CB1FA /* Frameworks */ = {
			isa = PBXFrameworksBuildPhase;
			buildActionMask = 2147483647;
			files = (
			);
			runOnlyForDeploymentPostprocessing = 0;
		};
/* End PBXFrameworksBuildPhase section */

/* Begin PBXGroup section */
		7DC517FB26E10D4E000CB1FA = {
			isa = PBXGroup;
			children = (
				7DC5180626E10D4E000CB1FA /* SecoundIOSApp */,
				7DC5181826E10D57000CB1FA /* SecoundIOSAppTests */,
				7DC5182326E10D57000CB1FA /* SecoundIOSAppUITests */,
				7DC5180526E10D4E000CB1FA /* Products */,
			);
			sourceTree = "<group>";
		};
		7DC5180526E10D4E000CB1FA /* Products */ = {
			isa = PBXGroup;
			children = (
				7DC5180426E10D4E000CB1FA /* SecoundIOSApp.app */,
				7DC5181526E10D57000CB1FA /* SecoundIOSAppTests.xctest */,
				7DC5182026E10D57000CB1FA /* SecoundIOSAppUITests.xctest */,
			);
			name = Products;
			sourceTree = "<group>";
		};
		7DC5180626E10D4E000CB1FA /* SecoundIOSApp */ = {
			isa = PBXGroup;
			children = (
				7DC5180726E10D4E000CB1FA /* SecoundIOSAppApp.swift */,
				7DC5183526E110B4000CB1FA /* Book.swift */,
				7DC5184326E122EA000CB1FA /* Library.swift */,
				7DC5183A26E11207000CB1FA /* Views */,
				7DC5180B26E10D57000CB1FA /* Assets.xcassets */,
				7DC5181026E10D57000CB1FA /* Info.plist */,
				7DC5180D26E10D57000CB1FA /* Preview Content */,
			);
			path = SecoundIOSApp;
			sourceTree = "<group>";
		};
		7DC5180D26E10D57000CB1FA /* Preview Content */ = {
			isa = PBXGroup;
			children = (
				7DC5180E26E10D57000CB1FA /* Preview Assets.xcassets */,
			);
			path = "Preview Content";
			sourceTree = "<group>";
		};
		7DC5181826E10D57000CB1FA /* SecoundIOSAppTests */ = {
			isa = PBXGroup;
			children = (
				7DC5181926E10D57000CB1FA /* SecoundIOSAppTests.swift */,
				7DC5181B26E10D57000CB1FA /* Info.plist */,
			);
			path = SecoundIOSAppTests;
			sourceTree = "<group>";
		};
		7DC5182326E10D57000CB1FA /* SecoundIOSAppUITests */ = {
			isa = PBXGroup;
			children = (
				7DC5182426E10D57000CB1FA /* SecoundIOSAppUITests.swift */,
				7DC5182626E10D57000CB1FA /* Info.plist */,
			);
			path = SecoundIOSAppUITests;
			sourceTree = "<group>";
		};
		7DC5183A26E11207000CB1FA /* Views */ = {
			isa = PBXGroup;
			children = (
				7DC5180926E10D4E000CB1FA /* ContentView.swift */,
				7DC5183E26E1123B000CB1FA /* BookViews.swift */,
				7DC5184E26E1244E000CB1FA /* DetailView.swift */,
				7D8E877D26E7B7EE00FC1695 /* PHPickerViewControll.swift */,
			);
			path = Views;
			sourceTree = "<group>";
		};
/* End PBXGroup section */

/* Begin PBXNativeTarget section */
		7DC5180326E10D4E000CB1FA /* SecoundIOSApp */ = {
			isa = PBXNativeTarget;
			buildConfigurationList = 7DC5182926E10D57000CB1FA /* Build configuration list for PBXNativeTarget "SecoundIOSApp" */;
			buildPhases = (
				7DC5180026E10D4E000CB1FA /* Sources */,
				7DC5180126E10D4E000CB1FA /* Frameworks */,
				7DC5180226E10D4E000CB1FA /* Resources */,
			);
			buildRules = (
			);
			dependencies = (
			);
			name = SecoundIOSApp;
			productName = SecoundIOSApp;
			productReference = 7DC5180426E10D4E000CB1FA /* SecoundIOSApp.app */;
			productType = "com.apple.product-type.application";
		};
		7DC5181426E10D57000CB1FA /* SecoundIOSAppTests */ = {
			isa = PBXNativeTarget;
			buildConfigurationList = 7DC5182C26E10D57000CB1FA /* Build configuration list for PBXNativeTarget "SecoundIOSAppTests" */;
			buildPhases = (
				7DC5181126E10D57000CB1FA /* Sources */,
				7DC5181226E10D57000CB1FA /* Frameworks */,
				7DC5181326E10D57000CB1FA /* Resources */,
			);
			buildRules = (
			);
			dependencies = (
				7DC5181726E10D57000CB1FA /* PBXTargetDependency */,
			);
			name = SecoundIOSAppTests;
			productName = SecoundIOSAppTests;
			productReference = 7DC5181526E10D57000CB1FA /* SecoundIOSAppTests.xctest */;
			productType = "com.apple.product-type.bundle.unit-test";
		};
		7DC5181F26E10D57000CB1FA /* SecoundIOSAppUITests */ = {
			isa = PBXNativeTarget;
			buildConfigurationList = 7DC5182F26E10D57000CB1FA /* Build configuration list for PBXNativeTarget "SecoundIOSAppUITests" */;
			buildPhases = (
				7DC5181C26E10D57000CB1FA /* Sources */,
				7DC5181D26E10D57000CB1FA /* Frameworks */,
				7DC5181E26E10D57000CB1FA /* Resources */,
			);
			buildRules = (
			);
			dependencies = (
				7DC5182226E10D57000CB1FA /* PBXTargetDependency */,
			);
			name = SecoundIOSAppUITests;
			productName = SecoundIOSAppUITests;
			productReference = 7DC5182026E10D57000CB1FA /* SecoundIOSAppUITests.xctest */;
			productType = "com.apple.product-type.bundle.ui-testing";
		};
/* End PBXNativeTarget section */

/* Begin PBXProject section */
		7DC517FC26E10D4E000CB1FA /* Project object */ = {
			isa = PBXProject;
			attributes = {
				LastSwiftUpdateCheck = 1240;
				LastUpgradeCheck = 1240;
				TargetAttributes = {
					7DC5180326E10D4E000CB1FA = {
						CreatedOnToolsVersion = 12.4;
					};
					7DC5181426E10D57000CB1FA = {
						CreatedOnToolsVersion = 12.4;
						TestTargetID = 7DC5180326E10D4E000CB1FA;
					};
					7DC5181F26E10D57000CB1FA = {
						CreatedOnToolsVersion = 12.4;
						TestTargetID = 7DC5180326E10D4E000CB1FA;
					};
				};
			};
			buildConfigurationList = 7DC517FF26E10D4E000CB1FA /* Build configuration list for PBXProject "SecoundIOSApp" */;
			compatibilityVersion = "Xcode 9.3";
			developmentRegion = en;
			hasScannedForEncodings = 0;
			knownRegions = (
				en,
				Base,
			);
			mainGroup = 7DC517FB26E10D4E000CB1FA;
			productRefGroup = 7DC5180526E10D4E000CB1FA /* Products */;
			projectDirPath = "";
			projectRoot = "";
			targets = (
				7DC5180326E10D4E000CB1FA /* SecoundIOSApp */,
				7DC5181426E10D57000CB1FA /* SecoundIOSAppTests */,
				7DC5181F26E10D57000CB1FA /* SecoundIOSAppUITests */,
			);
		};
/* End PBXProject section */

/* Begin PBXResourcesBuildPhase section */
		7DC5180226E10D4E000CB1FA /* Resources */ = {
			isa = PBXResourcesBuildPhase;
			buildActionMask = 2147483647;
			files = (
				7DC5180F26E10D57000CB1FA /* Preview Assets.xcassets in Resources */,
				7DC5180C26E10D57000CB1FA /* Assets.xcassets in Resources */,
			);
			runOnlyForDeploymentPostprocessing = 0;
		};
		7DC5181326E10D57000CB1FA /* Resources */ = {
			isa = PBXResourcesBuildPhase;
			buildActionMask = 2147483647;
			files = (
			);
			runOnlyForDeploymentPostprocessing = 0;
		};
		7DC5181E26E10D57000CB1FA /* Resources */ = {
			isa = PBXResourcesBuildPhase;
			buildActionMask = 2147483647;
			files = (
			);
			runOnlyForDeploymentPostprocessing = 0;
		};
/* End PBXResourcesBuildPhase section */

/* Begin PBXSourcesBuildPhase section */
		7DC5180026E10D4E000CB1FA /* Sources */ = {
			isa = PBXSourcesBuildPhase;
			buildActionMask = 2147483647;
			files = (
				7DC5180A26E10D4E000CB1FA /* ContentView.swift in Sources */,
				7DC5184F26E1244E000CB1FA /* DetailView.swift in Sources */,
				7DC5180826E10D4E000CB1FA /* SecoundIOSAppApp.swift in Sources */,
				7DC5184426E122EA000CB1FA /* Library.swift in Sources */,
				7DC5183626E110B4000CB1FA /* Book.swift in Sources */,
				7DC5183F26E1123B000CB1FA /* BookViews.swift in Sources */,
				7D8E877E26E7B7EE00FC1695 /* PHPickerViewControll.swift in Sources */,
			);
			runOnlyForDeploymentPostprocessing = 0;
		};
		7DC5181126E10D57000CB1FA /* Sources */ = {
			isa = PBXSourcesBuildPhase;
			buildActionMask = 2147483647;
			files = (
				7DC5181A26E10D57000CB1FA /* SecoundIOSAppTests.swift in Sources */,
			);
			runOnlyForDeploymentPostprocessing = 0;
		};
		7DC5181C26E10D57000CB1FA /* Sources */ = {
			isa = PBXSourcesBuildPhase;
			buildActionMask = 2147483647;
			files = (
				7DC5182526E10D57000CB1FA /* SecoundIOSAppUITests.swift in Sources */,
			);
			runOnlyForDeploymentPostprocessing = 0;
		};
/* End PBXSourcesBuildPhase section */

/* Begin PBXTargetDependency section */
		7DC5181726E10D57000CB1FA /* PBXTargetDependency */ = {
			isa = PBXTargetDependency;
			target = 7DC5180326E10D4E000CB1FA /* SecoundIOSApp */;
			targetProxy = 7DC5181626E10D57000CB1FA /* PBXContainerItemProxy */;
		};
		7DC5182226E10D57000CB1FA /* PBXTargetDependency */ = {
			isa = PBXTargetDependency;
			target = 7DC5180326E10D4E000CB1FA /* SecoundIOSApp */;
			targetProxy = 7DC5182126E10D57000CB1FA /* PBXContainerItemProxy */;
		};
/* End PBXTargetDependency section */

/* Begin XCBuildConfiguration section */
		7DC5182726E10D57000CB1FA /* Debug */ = {
			isa = XCBuildConfiguration;
			buildSettings = {
				ALWAYS_SEARCH_USER_PATHS = NO;
				CLANG_ANALYZER_NONNULL = YES;
				CLANG_ANALYZER_NUMBER_OBJECT_CONVERSION = YES_AGGRESSIVE;
				CLANG_CXX_LANGUAGE_STANDARD = "gnu++14";
				CLANG_CXX_LIBRARY = "libc++";
				CLANG_ENABLE_MODULES = YES;
				CLANG_ENABLE_OBJC_ARC = YES;
				CLANG_ENABLE_OBJC_WEAK = YES;
				CLANG_WARN_BLOCK_CAPTURE_AUTORELEASING = YES;
				CLANG_WARN_BOOL_CONVERSION = YES;
				CLANG_WARN_COMMA = YES;
				CLANG_WARN_CONSTANT_CONVERSION = YES;
				CLANG_WARN_DEPRECATED_OBJC_IMPLEMENTATIONS = YES;
				CLANG_WARN_DIRECT_OBJC_ISA_USAGE = YES_ERROR;
				CLANG_WARN_DOCUMENTATION_COMMENTS = YES;
				CLANG_WARN_EMPTY_BODY = YES;
				CLANG_WARN_ENUM_CONVERSION = YES;
				CLANG_WARN_INFINITE_RECURSION = YES;
				CLANG_WARN_INT_CONVERSION = YES;
				CLANG_WARN_NON_LITERAL_NULL_CONVERSION = YES;
				CLANG_WARN_OBJC_IMPLICIT_RETAIN_SELF = YES;
				CLANG_WARN_OBJC_LITERAL_CONVERSION = YES;
				CLANG_WARN_OBJC_ROOT_CLASS = YES_ERROR;
				CLANG_WARN_QUOTED_INCLUDE_IN_FRAMEWORK_HEADER = YES;
				CLANG_WARN_RANGE_LOOP_ANALYSIS = YES;
				CLANG_WARN_STRICT_PROTOTYPES = YES;
				CLANG_WARN_SUSPICIOUS_MOVE = YES;
				CLANG_WARN_UNGUARDED_AVAILABILITY = YES_AGGRESSIVE;
				CLANG_WARN_UNREACHABLE_CODE = YES;
				CLANG_WARN__DUPLICATE_METHOD_MATCH = YES;
				COPY_PHASE_STRIP = NO;
				DEBUG_INFORMATION_FORMAT = dwarf;
				ENABLE_STRICT_OBJC_MSGSEND = YES;
				ENABLE_TESTABILITY = YES;
				GCC_C_LANGUAGE_STANDARD = gnu11;
				GCC_DYNAMIC_NO_PIC = NO;
				GCC_NO_COMMON_BLOCKS = YES;
				GCC_OPTIMIZATION_LEVEL = 0;
				GCC_PREPROCESSOR_DEFINITIONS = (
					"DEBUG=1",
					"$(inherited)",
				);
				GCC_WARN_64_TO_32_BIT_CONVERSION = YES;
				GCC_WARN_ABOUT_RETURN_TYPE = YES_ERROR;
				GCC_WARN_UNDECLARED_SELECTOR = YES;
				GCC_WARN_UNINITIALIZED_AUTOS = YES_AGGRESSIVE;
				GCC_WARN_UNUSED_FUNCTION = YES;
				GCC_WARN_UNUSED_VARIABLE = YES;
				IPHONEOS_DEPLOYMENT_TARGET = 14.4;
				MTL_ENABLE_DEBUG_INFO = INCLUDE_SOURCE;
				MTL_FAST_MATH = YES;
				ONLY_ACTIVE_ARCH = YES;
				SDKROOT = iphoneos;
				SWIFT_ACTIVE_COMPILATION_CONDITIONS = DEBUG;
				SWIFT_OPTIMIZATION_LEVEL = "-Onone";
			};
			name = Debug;
		};
		7DC5182826E10D57000CB1FA /* Release */ = {
			isa = XCBuildConfiguration;
			buildSettings = {
				ALWAYS_SEARCH_USER_PATHS = NO;
				CLANG_ANALYZER_NONNULL = YES;
				CLANG_ANALYZER_NUMBER_OBJECT_CONVERSION = YES_AGGRESSIVE;
				CLANG_CXX_LANGUAGE_STANDARD = "gnu++14";
				CLANG_CXX_LIBRARY = "libc++";
				CLANG_ENABLE_MODULES = YES;
				CLANG_ENABLE_OBJC_ARC = YES;
				CLANG_ENABLE_OBJC_WEAK = YES;
				CLANG_WARN_BLOCK_CAPTURE_AUTORELEASING = YES;
				CLANG_WARN_BOOL_CONVERSION = YES;
				CLANG_WARN_COMMA = YES;
				CLANG_WARN_CONSTANT_CONVERSION = YES;
				CLANG_WARN_DEPRECATED_OBJC_IMPLEMENTATIONS = YES;
				CLANG_WARN_DIRECT_OBJC_ISA_USAGE = YES_ERROR;
				CLANG_WARN_DOCUMENTATION_COMMENTS = YES;
				CLANG_WARN_EMPTY_BODY = YES;
				CLANG_WARN_ENUM_CONVERSION = YES;
				CLANG_WARN_INFINITE_RECURSION = YES;
				CLANG_WARN_INT_CONVERSION = YES;
				CLANG_WARN_NON_LITERAL_NULL_CONVERSION = YES;
				CLANG_WARN_OBJC_IMPLICIT_RETAIN_SELF = YES;
				CLANG_WARN_OBJC_LITERAL_CONVERSION = YES;
				CLANG_WARN_OBJC_ROOT_CLASS = YES_ERROR;
				CLANG_WARN_QUOTED_INCLUDE_IN_FRAMEWORK_HEADER = YES;
				CLANG_WARN_RANGE_LOOP_ANALYSIS = YES;
				CLANG_WARN_STRICT_PROTOTYPES = YES;
				CLANG_WARN_SUSPICIOUS_MOVE = YES;
				CLANG_WARN_UNGUARDED_AVAILABILITY = YES_AGGRESSIVE;
				CLANG_WARN_UNREACHABLE_CODE = YES;
				CLANG_WARN__DUPLICATE_METHOD_MATCH = YES;
				COPY_PHASE_STRIP = NO;
				DEBUG_INFORMATION_FORMAT = "dwarf-with-dsym";
				ENABLE_NS_ASSERTIONS = NO;
				ENABLE_STRICT_OBJC_MSGSEND = YES;
				GCC_C_LANGUAGE_STANDARD = gnu11;
				GCC_NO_COMMON_BLOCKS = YES;
				GCC_WARN_64_TO_32_BIT_CONVERSION = YES;
				GCC_WARN_ABOUT_RETURN_TYPE = YES_ERROR;
				GCC_WARN_UNDECLARED_SELECTOR = YES;
				GCC_WARN_UNINITIALIZED_AUTOS = YES_AGGRESSIVE;
				GCC_WARN_UNUSED_FUNCTION = YES;
				GCC_WARN_UNUSED_VARIABLE = YES;
				IPHONEOS_DEPLOYMENT_TARGET = 14.4;
				MTL_ENABLE_DEBUG_INFO = NO;
				MTL_FAST_MATH = YES;
				SDKROOT = iphoneos;
				SWIFT_COMPILATION_MODE = wholemodule;
				SWIFT_OPTIMIZATION_LEVEL = "-O";
				VALIDATE_PRODUCT = YES;
			};
			name = Release;
		};
		7DC5182A26E10D57000CB1FA /* Debug */ = {
			isa = XCBuildConfiguration;
			buildSettings = {
				ASSETCATALOG_COMPILER_APPICON_NAME = AppIcon;
				ASSETCATALOG_COMPILER_GLOBAL_ACCENT_COLOR_NAME = AccentColor;
				CODE_SIGN_STYLE = Automatic;
				DEVELOPMENT_ASSET_PATHS = "\"SecoundIOSApp/Preview Content\"";
				DEVELOPMENT_TEAM = DNM5SWF5Z3;
				ENABLE_PREVIEWS = YES;
				INFOPLIST_FILE = SecoundIOSApp/Info.plist;
				IPHONEOS_DEPLOYMENT_TARGET = 14.0;
				LD_RUNPATH_SEARCH_PATHS = (
					"$(inherited)",
					"@executable_path/Frameworks",
				);
				PRODUCT_BUNDLE_IDENTIFIER = com.TulsaTech.SecoundIOSApp;
				PRODUCT_NAME = "$(TARGET_NAME)";
				SWIFT_VERSION = 5.0;
				TARGETED_DEVICE_FAMILY = "1,2";
			};
			name = Debug;
		};
		7DC5182B26E10D57000CB1FA /* Release */ = {
			isa = XCBuildConfiguration;
			buildSettings = {
				ASSETCATALOG_COMPILER_APPICON_NAME = AppIcon;
				ASSETCATALOG_COMPILER_GLOBAL_ACCENT_COLOR_NAME = AccentColor;
				CODE_SIGN_STYLE = Automatic;
				DEVELOPMENT_ASSET_PATHS = "\"SecoundIOSApp/Preview Content\"";
				DEVELOPMENT_TEAM = DNM5SWF5Z3;
				ENABLE_PREVIEWS = YES;
				INFOPLIST_FILE = SecoundIOSApp/Info.plist;
				IPHONEOS_DEPLOYMENT_TARGET = 14.0;
				LD_RUNPATH_SEARCH_PATHS = (
					"$(inherited)",
					"@executable_path/Frameworks",
				);
				PRODUCT_BUNDLE_IDENTIFIER = com.TulsaTech.SecoundIOSApp;
				PRODUCT_NAME = "$(TARGET_NAME)";
				SWIFT_VERSION = 5.0;
				TARGETED_DEVICE_FAMILY = "1,2";
			};
			name = Release;
		};
		7DC5182D26E10D57000CB1FA /* Debug */ = {
			isa = XCBuildConfiguration;
			buildSettings = {
				ALWAYS_EMBED_SWIFT_STANDARD_LIBRARIES = YES;
				BUNDLE_LOADER = "$(TEST_HOST)";
				CODE_SIGN_STYLE = Automatic;
				DEVELOPMENT_TEAM = DNM5SWF5Z3;
				INFOPLIST_FILE = SecoundIOSAppTests/Info.plist;
				IPHONEOS_DEPLOYMENT_TARGET = 14.0;
				LD_RUNPATH_SEARCH_PATHS = (
					"$(inherited)",
					"@executable_path/Frameworks",
					"@loader_path/Frameworks",
				);
				PRODUCT_BUNDLE_IDENTIFIER = com.TulsaTech.SecoundIOSAppTests;
				PRODUCT_NAME = "$(TARGET_NAME)";
				SWIFT_VERSION = 5.0;
				TARGETED_DEVICE_FAMILY = "1,2";
				TEST_HOST = "$(BUILT_PRODUCTS_DIR)/SecoundIOSApp.app/SecoundIOSApp";
			};
			name = Debug;
		};
		7DC5182E26E10D57000CB1FA /* Release */ = {
			isa = XCBuildConfiguration;
			buildSettings = {
				ALWAYS_EMBED_SWIFT_STANDARD_LIBRARIES = YES;
				BUNDLE_LOADER = "$(TEST_HOST)";
				CODE_SIGN_STYLE = Automatic;
				DEVELOPMENT_TEAM = DNM5SWF5Z3;
				INFOPLIST_FILE = SecoundIOSAppTests/Info.plist;
				IPHONEOS_DEPLOYMENT_TARGET = 14.0;
				LD_RUNPATH_SEARCH_PATHS = (
					"$(inherited)",
					"@executable_path/Frameworks",
					"@loader_path/Frameworks",
				);
				PRODUCT_BUNDLE_IDENTIFIER = com.TulsaTech.SecoundIOSAppTests;
				PRODUCT_NAME = "$(TARGET_NAME)";
				SWIFT_VERSION = 5.0;
				TARGETED_DEVICE_FAMILY = "1,2";
				TEST_HOST = "$(BUILT_PRODUCTS_DIR)/SecoundIOSApp.app/SecoundIOSApp";
			};
			name = Release;
		};
		7DC5183026E10D57000CB1FA /* Debug */ = {
			isa = XCBuildConfiguration;
			buildSettings = {
				ALWAYS_EMBED_SWIFT_STANDARD_LIBRARIES = YES;
				CODE_SIGN_STYLE = Automatic;
				DEVELOPMENT_TEAM = DNM5SWF5Z3;
				INFOPLIST_FILE = SecoundIOSAppUITests/Info.plist;
				LD_RUNPATH_SEARCH_PATHS = (
					"$(inherited)",
					"@executable_path/Frameworks",
					"@loader_path/Frameworks",
				);
				PRODUCT_BUNDLE_IDENTIFIER = com.TulsaTech.SecoundIOSAppUITests;
				PRODUCT_NAME = "$(TARGET_NAME)";
				SWIFT_VERSION = 5.0;
				TARGETED_DEVICE_FAMILY = "1,2";
				TEST_TARGET_NAME = SecoundIOSApp;
			};
			name = Debug;
		};
		7DC5183126E10D57000CB1FA /* Release */ = {
			isa = XCBuildConfiguration;
			buildSettings = {
				ALWAYS_EMBED_SWIFT_STANDARD_LIBRARIES = YES;
				CODE_SIGN_STYLE = Automatic;
				DEVELOPMENT_TEAM = DNM5SWF5Z3;
				INFOPLIST_FILE = SecoundIOSAppUITests/Info.plist;
				LD_RUNPATH_SEARCH_PATHS = (
					"$(inherited)",
					"@executable_path/Frameworks",
					"@loader_path/Frameworks",
				);
				PRODUCT_BUNDLE_IDENTIFIER = com.TulsaTech.SecoundIOSAppUITests;
				PRODUCT_NAME = "$(TARGET_NAME)";
				SWIFT_VERSION = 5.0;
				TARGETED_DEVICE_FAMILY = "1,2";
				TEST_TARGET_NAME = SecoundIOSApp;
			};
			name = Release;
		};
/* End XCBuildConfiguration section */

/* Begin XCConfigurationList section */
		7DC517FF26E10D4E000CB1FA /* Build configuration list for PBXProject "SecoundIOSApp" */ = {
			isa = XCConfigurationList;
			buildConfigurations = (
				7DC5182726E10D57000CB1FA /* Debug */,
				7DC5182826E10D57000CB1FA /* Release */,
			);
			defaultConfigurationIsVisible = 0;
			defaultConfigurationName = Release;
		};
		7DC5182926E10D57000CB1FA /* Build configuration list for PBXNativeTarget "SecoundIOSApp" */ = {
			isa = XCConfigurationList;
			buildConfigurations = (
				7DC5182A26E10D57000CB1FA /* Debug */,
				7DC5182B26E10D57000CB1FA /* Release */,
			);
			defaultConfigurationIsVisible = 0;
			defaultConfigurationName = Release;
		};
		7DC5182C26E10D57000CB1FA /* Build configuration list for PBXNativeTarget "SecoundIOSAppTests" */ = {
			isa = XCConfigurationList;
			buildConfigurations = (
				7DC5182D26E10D57000CB1FA /* Debug */,
				7DC5182E26E10D57000CB1FA /* Release */,
			);
			defaultConfigurationIsVisible = 0;
			defaultConfigurationName = Release;
		};
		7DC5182F26E10D57000CB1FA /* Build configuration list for PBXNativeTarget "SecoundIOSAppUITests" */ = {
			isa = XCConfigurationList;
			buildConfigurations = (
				7DC5183026E10D57000CB1FA /* Debug */,
				7DC5183126E10D57000CB1FA /* Release */,
			);
			defaultConfigurationIsVisible = 0;
			defaultConfigurationName = Release;
		};
/* End XCConfigurationList section */
	};
	rootObject = 7DC517FC26E10D4E000CB1FA /* Project object */;
}
